
Microsoft Visual Studio Solution File, Format Version 12.00
# Visual Studio 15
VisualStudioVersion = 15.0.28307.489
MinimumVisualStudioVersion = 10.0.40219.1
Project("{FAE04EC0-301F-11D3-BF4B-00C04F79EFBC}") = "TravelBuddy", "TravelBuddy\TravelBuddy.csproj", "{141783FB-929E-495A-B6EF-49C05061623E}"
EndProject
Project("{9A19103F-16F7-4668-BE54-9A1E7A4F7556}") = "GoogleAPI", "GoogleAPI\GoogleAPI.csproj", "{9BA92F5E-DC21-4E64-80C8-764CBE0DB358}"
EndProject
Project("{FAE04EC0-301F-11D3-BF4B-00C04F79EFBC}") = "GoogleAPILibrary", "GoogleAPILibrary\GoogleAPILibrary.csproj", "{905EB077-63EE-49B0-9764-678D5F56E01C}"
EndProject
Global
	GlobalSection(SolutionConfigurationPlatforms) = preSolution
		Debug|Any CPU = Debug|Any CPU
		Release|Any CPU = Release|Any CPU
	EndGlobalSection
	GlobalSection(ProjectConfigurationPlatforms) = postSolution
		{141783FB-929E-495A-B6EF-49C05061623E}.Debug|Any CPU.ActiveCfg = Debug|Any CPU
		{141783FB-929E-495A-B6EF-49C05061623E}.Debug|Any CPU.Build.0 = Debug|Any CPU
		{141783FB-929E-495A-B6EF-49C05061623E}.Debug|Any CPU.Deploy.0 = Debug|Any CPU
		{141783FB-929E-495A-B6EF-49C05061623E}.Release|Any CPU.ActiveCfg = Release|Any CPU
		{141783FB-929E-495A-B6EF-49C05061623E}.Release|Any CPU.Build.0 = Release|Any CPU
		{141783FB-929E-495A-B6EF-49C05061623E}.Release|Any CPU.Deploy.0 = Release|Any CPU
		{9BA92F5E-DC21-4E64-80C8-764CBE0DB358}.Debug|Any CPU.ActiveCfg = Debug|Any CPU
		{9BA92F5E-DC21-4E64-80C8-764CBE0DB358}.Debug|Any CPU.Build.0 = Debug|Any CPU
		{9BA92F5E-DC21-4E64-80C8-764CBE0DB358}.Release|Any CPU.ActiveCfg = Release|Any CPU
		{9BA92F5E-DC21-4E64-80C8-764CBE0DB358}.Release|Any CPU.Build.0 = Release|Any CPU
		{905EB077-63EE-49B0-9764-678D5F56E01C}.Debug|Any CPU.ActiveCfg = Debug|Any CPU
		{905EB077-63EE-49B0-9764-678D5F56E01C}.Debug|Any CPU.Build.0 = Debug|Any CPU
		{905EB077-63EE-49B0-9764-678D5F56E01C}.Release|Any CPU.ActiveCfg = Release|Any CPU
		{905EB077-63EE-49B0-9764-678D5F56E01C}.Release|Any CPU.Build.0 = Release|Any CPU
	EndGlobalSection
	GlobalSection(SolutionProperties) = preSolution
		HideSolutionNode = FALSE
	EndGlobalSection
	GlobalSection(ExtensibilityGlobals) = postSolution
		SolutionGuid = {039D77B5-2BEF-4E12-BF55-713549D4FA87}
	EndGlobalSection
EndGlobal
